{
  "requires": true,
  "lockfileVersion": 1,
  "dependencies": {
    "cloudinary-core": {
      "version": "2.6.3",
      "resolved": "https://registry.npmjs.org/cloudinary-core/-/cloudinary-core-2.6.3.tgz",
      "integrity": "sha512-0oEUn1eTuJzLxNdm0OsnAadGN6nMFOVqq+n7dgy6VBP8pGwc5TLkZ8MAHvik03Cv7+JH0tykwkSvYzM7rWY43g=="
    }
  }
}
